
Microsoft Visual Studio Solution File, Format Version 12.00
# Visual Studio Version 17
VisualStudioVersion = 17.7.34031.279
MinimumVisualStudioVersion = 10.0.40219.1
Project("{9A19103F-16F7-4668-BE54-9A1E7A4F7556}") = "TrashyShooter", "TrashyShooter\TrashyShooter.csproj", "{05586FAC-FC34-47C1-BC8C-EA7DA98B1612}"
EndProject
Project("{9A19103F-16F7-4668-BE54-9A1E7A4F7556}") = "GameServer", "GameServer\GameServer.csproj", "{343E2098-58D3-48FD-90A0-574A416B5DAE}"
EndProject
Project("{FAE04EC0-301F-11D3-BF4B-00C04F79EFBC}") = "SharedData", "SharedData\SharedData.csproj", "{594FAF3F-4E09-4828-8A83-5D26A49FD8F0}"
EndProject
Global
	GlobalSection(SolutionConfigurationPlatforms) = preSolution
		Debug|Any CPU = Debug|Any CPU
		Release|Any CPU = Release|Any CPU
	EndGlobalSection
	GlobalSection(ProjectConfigurationPlatforms) = postSolution
		{05586FAC-FC34-47C1-BC8C-EA7DA98B1612}.Debug|Any CPU.ActiveCfg = Debug|Any CPU
		{05586FAC-FC34-47C1-BC8C-EA7DA98B1612}.Debug|Any CPU.Build.0 = Debug|Any CPU
		{05586FAC-FC34-47C1-BC8C-EA7DA98B1612}.Release|Any CPU.ActiveCfg = Release|Any CPU
		{05586FAC-FC34-47C1-BC8C-EA7DA98B1612}.Release|Any CPU.Build.0 = Release|Any CPU
		{343E2098-58D3-48FD-90A0-574A416B5DAE}.Debug|Any CPU.ActiveCfg = Debug|Any CPU
		{343E2098-58D3-48FD-90A0-574A416B5DAE}.Debug|Any CPU.Build.0 = Debug|Any CPU
		{343E2098-58D3-48FD-90A0-574A416B5DAE}.Release|Any CPU.ActiveCfg = Release|Any CPU
		{343E2098-58D3-48FD-90A0-574A416B5DAE}.Release|Any CPU.Build.0 = Release|Any CPU
		{594FAF3F-4E09-4828-8A83-5D26A49FD8F0}.Debug|Any CPU.ActiveCfg = Debug|Any CPU
		{594FAF3F-4E09-4828-8A83-5D26A49FD8F0}.Debug|Any CPU.Build.0 = Debug|Any CPU
		{594FAF3F-4E09-4828-8A83-5D26A49FD8F0}.Release|Any CPU.ActiveCfg = Release|Any CPU
		{594FAF3F-4E09-4828-8A83-5D26A49FD8F0}.Release|Any CPU.Build.0 = Release|Any CPU
	EndGlobalSection
	GlobalSection(SolutionProperties) = preSolution
		HideSolutionNode = FALSE
	EndGlobalSection
	GlobalSection(ExtensibilityGlobals) = postSolution
		SolutionGuid = {C9841F21-4793-4A3F-8BBC-42AB011D0F2E}
	EndGlobalSection
EndGlobal
